// !$*UTF8*$!
{
	archiveVersion = 1;
	classes = {
	};
	objectVersion = 50;
	objects = {

/* Begin PBXBuildFile section */
		4305E6A12395C23300D16CE6 /* AppDelegate.swift in Sources */ = {isa = PBXBuildFile; fileRef = 4305E6A02395C23300D16CE6 /* AppDelegate.swift */; };
		430D6FC12395C13600B158F2 /* Assets.xcassets in Resources */ = {isa = PBXBuildFile; fileRef = 430D6FC02395C13600B158F2 /* Assets.xcassets */; };
		430D6FC42395C13600B158F2 /* MainMenu.xib in Resources */ = {isa = PBXBuildFile; fileRef = 430D6FC22395C13600B158F2 /* MainMenu.xib */; };
		430D6FCF2395C19600B158F2 /* SplitterItem.swift in Sources */ = {isa = PBXBuildFile; fileRef = 430D6FCE2395C19600B158F2 /* SplitterItem.swift */; };
		436D574A25F29BA00009D420 /* Assets.xcassets in Resources */ = {isa = PBXBuildFile; fileRef = 430D6FC02395C13600B158F2 /* Assets.xcassets */; };
		436D574E25F2A0EB0009D420 /* CustomItems.swift in Sources */ = {isa = PBXBuildFile; fileRef = 436D574D25F2A0EB0009D420 /* CustomItems.swift */; };
		4396239E2604CF0400D0B9A5 /* ManageCustom.storyboard in Resources */ = {isa = PBXBuildFile; fileRef = 4396239D2604CF0400D0B9A5 /* ManageCustom.storyboard */; };
		439623A02604CFEF00D0B9A5 /* ManageCustomViewController.swift in Sources */ = {isa = PBXBuildFile; fileRef = 4396239F2604CFEF00D0B9A5 /* ManageCustomViewController.swift */; };
		439623A32604D06900D0B9A5 /* ManageCustomCollectionItem.swift in Sources */ = {isa = PBXBuildFile; fileRef = 439623A12604D06900D0B9A5 /* ManageCustomCollectionItem.swift */; };
		439623A42604D06900D0B9A5 /* ManageCustomCollectionItem.xib in Resources */ = {isa = PBXBuildFile; fileRef = 439623A22604D06900D0B9A5 /* ManageCustomCollectionItem.xib */; };
		43FBAD8323F2426B005E3AE9 /* AutoLaunchAppDelegate.swift in Sources */ = {isa = PBXBuildFile; fileRef = 43FBAD8223F2426B005E3AE9 /* AutoLaunchAppDelegate.swift */; };
		43FBAD8723F2426E005E3AE9 /* Assets.xcassets in Resources */ = {isa = PBXBuildFile; fileRef = 43FBAD8623F2426E005E3AE9 /* Assets.xcassets */; };
		43FBAD8A23F2426E005E3AE9 /* Main.storyboard in Resources */ = {isa = PBXBuildFile; fileRef = 43FBAD8823F2426E005E3AE9 /* Main.storyboard */; };
		43FBAD9223F2428A005E3AE9 /* ServiceManagement.framework in Frameworks */ = {isa = PBXBuildFile; fileRef = 43FBAD9123F2428A005E3AE9 /* ServiceManagement.framework */; };
		43FBAD9423F242EF005E3AE9 /* Menu Bar Splitter AutoLaunch.app in CopyFiles */ = {isa = PBXBuildFile; fileRef = 43FBAD8023F2426B005E3AE9 /* Menu Bar Splitter AutoLaunch.app */; settings = {ATTRIBUTES = (RemoveHeadersOnCopy, ); }; };
/* End PBXBuildFile section */

/* Begin PBXCopyFilesBuildPhase section */
		43D1816B23F24B9B002D536E /* CopyFiles */ = {
			isa = PBXCopyFilesBuildPhase;
			buildActionMask = 2147483647;
			dstPath = Contents/Library/BCV;
			dstSubfolderSpec = 1;
			files = (
			);
			runOnlyForDeploymentPostprocessing = 0;
		};
		43FBAD9323F242D1005E3AE9 /* CopyFiles */ = {
			isa = PBXCopyFilesBuildPhase;
			buildActionMask = 12;
			dstPath = Contents/Library/LoginItems;
			dstSubfolderSpec = 1;
			files = (
				43FBAD9423F242EF005E3AE9 /* Menu Bar Splitter AutoLaunch.app in CopyFiles */,
			);
			runOnlyForDeploymentPostprocessing = 0;
		};
/* End PBXCopyFilesBuildPhase section */

/* Begin PBXFileReference section */
		4305E6A02395C23300D16CE6 /* AppDelegate.swift */ = {isa = PBXFileReference; lastKnownFileType = sourcecode.swift; path = AppDelegate.swift; sourceTree = "<group>"; };
		430D6FBB2395C13500B158F2 /* Menu Bar Splitter.app */ = {isa = PBXFileReference; explicitFileType = wrapper.application; includeInIndex = 0; path = "Menu Bar Splitter.app"; sourceTree = BUILT_PRODUCTS_DIR; };
		430D6FC02395C13600B158F2 /* Assets.xcassets */ = {isa = PBXFileReference; lastKnownFileType = folder.assetcatalog; path = Assets.xcassets; sourceTree = "<group>"; };
		430D6FC32395C13600B158F2 /* Base */ = {isa = PBXFileReference; lastKnownFileType = file.xib; name = Base; path = Base.lproj/MainMenu.xib; sourceTree = "<group>"; };
		430D6FC52395C13600B158F2 /* Info.plist */ = {isa = PBXFileReference; lastKnownFileType = text.plist.xml; path = Info.plist; sourceTree = "<group>"; };
		430D6FC62395C13600B158F2 /* Menu_Bar_Splitter.entitlements */ = {isa = PBXFileReference; lastKnownFileType = text.plist.entitlements; path = Menu_Bar_Splitter.entitlements; sourceTree = "<group>"; };
		430D6FCE2395C19600B158F2 /* SplitterItem.swift */ = {isa = PBXFileReference; lastKnownFileType = sourcecode.swift; path = SplitterItem.swift; sourceTree = "<group>"; };
		436D574D25F2A0EB0009D420 /* CustomItems.swift */ = {isa = PBXFileReference; lastKnownFileType = sourcecode.swift; path = CustomItems.swift; sourceTree = "<group>"; };
		4396239D2604CF0400D0B9A5 /* ManageCustom.storyboard */ = {isa = PBXFileReference; lastKnownFileType = file.storyboard; path = ManageCustom.storyboard; sourceTree = "<group>"; };
		4396239F2604CFEF00D0B9A5 /* ManageCustomViewController.swift */ = {isa = PBXFileReference; lastKnownFileType = sourcecode.swift; path = ManageCustomViewController.swift; sourceTree = "<group>"; };
		439623A12604D06900D0B9A5 /* ManageCustomCollectionItem.swift */ = {isa = PBXFileReference; lastKnownFileType = sourcecode.swift; path = ManageCustomCollectionItem.swift; sourceTree = "<group>"; };
		439623A22604D06900D0B9A5 /* ManageCustomCollectionItem.xib */ = {isa = PBXFileReference; lastKnownFileType = file.xib; path = ManageCustomCollectionItem.xib; sourceTree = "<group>"; };
		43FBAD8023F2426B005E3AE9 /* Menu Bar Splitter AutoLaunch.app */ = {isa = PBXFileReference; explicitFileType = wrapper.application; includeInIndex = 0; path = "Menu Bar Splitter AutoLaunch.app"; sourceTree = BUILT_PRODUCTS_DIR; };
		43FBAD8223F2426B005E3AE9 /* AutoLaunchAppDelegate.swift */ = {isa = PBXFileReference; lastKnownFileType = sourcecode.swift; path = AutoLaunchAppDelegate.swift; sourceTree = "<group>"; };
		43FBAD8623F2426E005E3AE9 /* Assets.xcassets */ = {isa = PBXFileReference; lastKnownFileType = folder.assetcatalog; path = Assets.xcassets; sourceTree = "<group>"; };
		43FBAD8923F2426E005E3AE9 /* Base */ = {isa = PBXFileReference; lastKnownFileType = file.storyboard; name = Base; path = Base.lproj/Main.storyboard; sourceTree = "<group>"; };
		43FBAD8B23F2426E005E3AE9 /* Info.plist */ = {isa = PBXFileReference; lastKnownFileType = text.plist.xml; path = Info.plist; sourceTree = "<group>"; };
		43FBAD8C23F2426E005E3AE9 /* Menu_Bar_Splitter_AutoLaunch.entitlements */ = {isa = PBXFileReference; lastKnownFileType = text.plist.entitlements; path = Menu_Bar_Splitter_AutoLaunch.entitlements; sourceTree = "<group>"; };
		43FBAD9123F2428A005E3AE9 /* ServiceManagement.framework */ = {isa = PBXFileReference; lastKnownFileType = wrapper.framework; name = ServiceManagement.framework; path = System/Library/Frameworks/ServiceManagement.framework; sourceTree = SDKROOT; };
/* End PBXFileReference section */

/* Begin PBXFrameworksBuildPhase section */
		430D6FB82395C13500B158F2 /* Frameworks */ = {
			isa = PBXFrameworksBuildPhase;
			buildActionMask = 2147483647;
			files = (
				43FBAD9223F2428A005E3AE9 /* ServiceManagement.framework in Frameworks */,
			);
			runOnlyForDeploymentPostprocessing = 0;
		};
		43FBAD7D23F2426B005E3AE9 /* Frameworks */ = {
			isa = PBXFrameworksBuildPhase;
			buildActionMask = 2147483647;
			files = (
			);
			runOnlyForDeploymentPostprocessing = 0;
		};
/* End PBXFrameworksBuildPhase section */

/* Begin PBXGroup section */
		430D6FB22395C13500B158F2 = {
			isa = PBXGroup;
			children = (
				430D6FBD2395C13500B158F2 /* Menu Bar Splitter */,
				43FBAD8123F2426B005E3AE9 /* Menu Bar Splitter AutoLaunch */,
				430D6FBC2395C13500B158F2 /* Products */,
				43FBAD9023F2428A005E3AE9 /* Frameworks */,
			);
			sourceTree = "<group>";
		};
		430D6FBC2395C13500B158F2 /* Products */ = {
			isa = PBXGroup;
			children = (
				430D6FBB2395C13500B158F2 /* Menu Bar Splitter.app */,
				43FBAD8023F2426B005E3AE9 /* Menu Bar Splitter AutoLaunch.app */,
			);
			name = Products;
			sourceTree = "<group>";
		};
		430D6FBD2395C13500B158F2 /* Menu Bar Splitter */ = {
			isa = PBXGroup;
			children = (
				430D6FCE2395C19600B158F2 /* SplitterItem.swift */,
				4305E6A02395C23300D16CE6 /* AppDelegate.swift */,
				436D574D25F2A0EB0009D420 /* CustomItems.swift */,
				430D6FC02395C13600B158F2 /* Assets.xcassets */,
				430D6FC22395C13600B158F2 /* MainMenu.xib */,
				430D6FC52395C13600B158F2 /* Info.plist */,
				430D6FC62395C13600B158F2 /* Menu_Bar_Splitter.entitlements */,
				4396239D2604CF0400D0B9A5 /* ManageCustom.storyboard */,
				439623A12604D06900D0B9A5 /* ManageCustomCollectionItem.swift */,
				439623A22604D06900D0B9A5 /* ManageCustomCollectionItem.xib */,
				4396239F2604CFEF00D0B9A5 /* ManageCustomViewController.swift */,
			);
			path = "Menu Bar Splitter";
			sourceTree = "<group>";
		};
		43FBAD8123F2426B005E3AE9 /* Menu Bar Splitter AutoLaunch */ = {
			isa = PBXGroup;
			children = (
				43FBAD8223F2426B005E3AE9 /* AutoLaunchAppDelegate.swift */,
				43FBAD8623F2426E005E3AE9 /* Assets.xcassets */,
				43FBAD8823F2426E005E3AE9 /* Main.storyboard */,
				43FBAD8B23F2426E005E3AE9 /* Info.plist */,
				43FBAD8C23F2426E005E3AE9 /* Menu_Bar_Splitter_AutoLaunch.entitlements */,
			);
			path = "Menu Bar Splitter AutoLaunch";
			sourceTree = "<group>";
		};
		43FBAD9023F2428A005E3AE9 /* Frameworks */ = {
			isa = PBXGroup;
			children = (
				43FBAD9123F2428A005E3AE9 /* ServiceManagement.framework */,
			);
			name = Frameworks;
			sourceTree = "<group>";
		};
/* End PBXGroup section */

/* Begin PBXNativeTarget section */
		430D6FBA2395C13500B158F2 /* Menu Bar Splitter */ = {
			isa = PBXNativeTarget;
			buildConfigurationList = 430D6FC92395C13600B158F2 /* Build configuration list for PBXNativeTarget "Menu Bar Splitter" */;
			buildPhases = (
				430D6FB72395C13500B158F2 /* Sources */,
				430D6FB82395C13500B158F2 /* Frameworks */,
				430D6FB92395C13500B158F2 /* Resources */,
				43FBAD9323F242D1005E3AE9 /* CopyFiles */,
				43D1816B23F24B9B002D536E /* CopyFiles */,
			);
			buildRules = (
			);
			dependencies = (
			);
			name = "Menu Bar Splitter";
			productName = "Menu Bar Splitter";
			productReference = 430D6FBB2395C13500B158F2 /* Menu Bar Splitter.app */;
			productType = "com.apple.product-type.application";
		};
		43FBAD7F23F2426B005E3AE9 /* Menu Bar Splitter AutoLaunch */ = {
			isa = PBXNativeTarget;
			buildConfigurationList = 43FBAD8D23F2426E005E3AE9 /* Build configuration list for PBXNativeTarget "Menu Bar Splitter AutoLaunch" */;
			buildPhases = (
				43FBAD7C23F2426B005E3AE9 /* Sources */,
				43FBAD7D23F2426B005E3AE9 /* Frameworks */,
				43FBAD7E23F2426B005E3AE9 /* Resources */,
			);
			buildRules = (
			);
			dependencies = (
			);
			name = "Menu Bar Splitter AutoLaunch";
			productName = "Menu Bar Splitter AutoLaunch";
			productReference = 43FBAD8023F2426B005E3AE9 /* Menu Bar Splitter AutoLaunch.app */;
			productType = "com.apple.product-type.application";
		};
/* End PBXNativeTarget section */

/* Begin PBXProject section */
		430D6FB32395C13500B158F2 /* Project object */ = {
			isa = PBXProject;
			attributes = {
				LastSwiftUpdateCheck = 1130;
				LastUpgradeCheck = 1250;
				ORGANIZATIONNAME = "Justin Hamilton";
				TargetAttributes = {
					430D6FBA2395C13500B158F2 = {
						CreatedOnToolsVersion = 11.2.1;
					};
					43FBAD7F23F2426B005E3AE9 = {
						CreatedOnToolsVersion = 11.3.1;
					};
				};
			};
			buildConfigurationList = 430D6FB62395C13500B158F2 /* Build configuration list for PBXProject "Menu Bar Splitter" */;
			compatibilityVersion = "Xcode 9.3";
			developmentRegion = en;
			hasScannedForEncodings = 0;
			knownRegions = (
				en,
				Base,
			);
			mainGroup = 430D6FB22395C13500B158F2;
			productRefGroup = 430D6FBC2395C13500B158F2 /* Products */;
			projectDirPath = "";
			projectRoot = "";
			targets = (
				430D6FBA2395C13500B158F2 /* Menu Bar Splitter */,
				43FBAD7F23F2426B005E3AE9 /* Menu Bar Splitter AutoLaunch */,
			);
		};
/* End PBXProject section */

/* Begin PBXResourcesBuildPhase section */
		430D6FB92395C13500B158F2 /* Resources */ = {
			isa = PBXResourcesBuildPhase;
			buildActionMask = 2147483647;
			files = (
				430D6FC12395C13600B158F2 /* Assets.xcassets in Resources */,
				4396239E2604CF0400D0B9A5 /* ManageCustom.storyboard in Resources */,
				439623A42604D06900D0B9A5 /* ManageCustomCollectionItem.xib in Resources */,
				430D6FC42395C13600B158F2 /* MainMenu.xib in Resources */,
			);
			runOnlyForDeploymentPostprocessing = 0;
		};
		43FBAD7E23F2426B005E3AE9 /* Resources */ = {
			isa = PBXResourcesBuildPhase;
			buildActionMask = 2147483647;
			files = (
				43FBAD8723F2426E005E3AE9 /* Assets.xcassets in Resources */,
				436D574A25F29BA00009D420 /* Assets.xcassets in Resources */,
				43FBAD8A23F2426E005E3AE9 /* Main.storyboard in Resources */,
			);
			runOnlyForDeploymentPostprocessing = 0;
		};
/* End PBXResourcesBuildPhase section */

/* Begin PBXSourcesBuildPhase section */
		430D6FB72395C13500B158F2 /* Sources */ = {
			isa = PBXSourcesBuildPhase;
			buildActionMask = 2147483647;
			files = (
				4305E6A12395C23300D16CE6 /* AppDelegate.swift in Sources */,
				439623A02604CFEF00D0B9A5 /* ManageCustomViewController.swift in Sources */,
				430D6FCF2395C19600B158F2 /* SplitterItem.swift in Sources */,
				439623A32604D06900D0B9A5 /* ManageCustomCollectionItem.swift in Sources */,
				436D574E25F2A0EB0009D420 /* CustomItems.swift in Sources */,
			);
			runOnlyForDeploymentPostprocessing = 0;
		};
		43FBAD7C23F2426B005E3AE9 /* Sources */ = {
			isa = PBXSourcesBuildPhase;
			buildActionMask = 2147483647;
			files = (
				43FBAD8323F2426B005E3AE9 /* AutoLaunchAppDelegate.swift in Sources */,
			);
			runOnlyForDeploymentPostprocessing = 0;
		};
/* End PBXSourcesBuildPhase section */

/* Begin PBXVariantGroup section */
		430D6FC22395C13600B158F2 /* MainMenu.xib */ = {
			isa = PBXVariantGroup;
			children = (
				430D6FC32395C13600B158F2 /* Base */,
			);
			name = MainMenu.xib;
			sourceTree = "<group>";
		};
		43FBAD8823F2426E005E3AE9 /* Main.storyboard */ = {
			isa = PBXVariantGroup;
			children = (
				43FBAD8923F2426E005E3AE9 /* Base */,
			);
			name = Main.storyboard;
			sourceTree = "<group>";
		};
/* End PBXVariantGroup section */

/* Begin XCBuildConfiguration section */
		430D6FC72395C13600B158F2 /* Debug */ = {
			isa = XCBuildConfiguration;
			buildSettings = {
				ALWAYS_SEARCH_USER_PATHS = NO;
				CLANG_ANALYZER_NONNULL = YES;
				CLANG_ANALYZER_NUMBER_OBJECT_CONVERSION = YES_AGGRESSIVE;
				CLANG_CXX_LANGUAGE_STANDARD = "gnu++14";
				CLANG_CXX_LIBRARY = "libc++";
				CLANG_ENABLE_MODULES = YES;
				CLANG_ENABLE_OBJC_ARC = YES;
				CLANG_ENABLE_OBJC_WEAK = YES;
				CLANG_WARN_BLOCK_CAPTURE_AUTORELEASING = YES;
				CLANG_WARN_BOOL_CONVERSION = YES;
				CLANG_WARN_COMMA = YES;
				CLANG_WARN_CONSTANT_CONVERSION = YES;
				CLANG_WARN_DEPRECATED_OBJC_IMPLEMENTATIONS = YES;
				CLANG_WARN_DIRECT_OBJC_ISA_USAGE = YES_ERROR;
				CLANG_WARN_DOCUMENTATION_COMMENTS = YES;
				CLANG_WARN_EMPTY_BODY = YES;
				CLANG_WARN_ENUM_CONVERSION = YES;
				CLANG_WARN_INFINITE_RECURSION = YES;
				CLANG_WARN_INT_CONVERSION = YES;
				CLANG_WARN_NON_LITERAL_NULL_CONVERSION = YES;
				CLANG_WARN_OBJC_IMPLICIT_RETAIN_SELF = YES;
				CLANG_WARN_OBJC_LITERAL_CONVERSION = YES;
				CLANG_WARN_OBJC_ROOT_CLASS = YES_ERROR;
				CLANG_WARN_QUOTED_INCLUDE_IN_FRAMEWORK_HEADER = YES;
				CLANG_WARN_RANGE_LOOP_ANALYSIS = YES;
				CLANG_WARN_STRICT_PROTOTYPES = YES;
				CLANG_WARN_SUSPICIOUS_MOVE = YES;
				CLANG_WARN_UNGUARDED_AVAILABILITY = YES_AGGRESSIVE;
				CLANG_WARN_UNREACHABLE_CODE = YES;
				CLANG_WARN__DUPLICATE_METHOD_MATCH = YES;
				COPY_PHASE_STRIP = NO;
				DEBUG_INFORMATION_FORMAT = dwarf;
				ENABLE_STRICT_OBJC_MSGSEND = YES;
				ENABLE_TESTABILITY = YES;
				GCC_C_LANGUAGE_STANDARD = gnu11;
				GCC_DYNAMIC_NO_PIC = NO;
				GCC_NO_COMMON_BLOCKS = YES;
				GCC_OPTIMIZATION_LEVEL = 0;
				GCC_PREPROCESSOR_DEFINITIONS = (
					"DEBUG=1",
					"$(inherited)",
				);
				GCC_WARN_64_TO_32_BIT_CONVERSION = YES;
				GCC_WARN_ABOUT_RETURN_TYPE = YES_ERROR;
				GCC_WARN_UNDECLARED_SELECTOR = YES;
				GCC_WARN_UNINITIALIZED_AUTOS = YES_AGGRESSIVE;
				GCC_WARN_UNUSED_FUNCTION = YES;
				GCC_WARN_UNUSED_VARIABLE = YES;
				MACOSX_DEPLOYMENT_TARGET = 10.15;
				MTL_ENABLE_DEBUG_INFO = INCLUDE_SOURCE;
				MTL_FAST_MATH = YES;
				ONLY_ACTIVE_ARCH = YES;
				SDKROOT = macosx;
				SWIFT_ACTIVE_COMPILATION_CONDITIONS = DEBUG;
				SWIFT_OPTIMIZATION_LEVEL = "-Onone";
			};
			name = Debug;
		};
		430D6FC82395C13600B158F2 /* Release */ = {
			isa = XCBuildConfiguration;
			buildSettings = {
				ALWAYS_SEARCH_USER_PATHS = NO;
				CLANG_ANALYZER_NONNULL = YES;
				CLANG_ANALYZER_NUMBER_OBJECT_CONVERSION = YES_AGGRESSIVE;
				CLANG_CXX_LANGUAGE_STANDARD = "gnu++14";
				CLANG_CXX_LIBRARY = "libc++";
				CLANG_ENABLE_MODULES = YES;
				CLANG_ENABLE_OBJC_ARC = YES;
				CLANG_ENABLE_OBJC_WEAK = YES;
				CLANG_WARN_BLOCK_CAPTURE_AUTORELEASING = YES;
				CLANG_WARN_BOOL_CONVERSION = YES;
				CLANG_WARN_COMMA = YES;
				CLANG_WARN_CONSTANT_CONVERSION = YES;
				CLANG_WARN_DEPRECATED_OBJC_IMPLEMENTATIONS = YES;
				CLANG_WARN_DIRECT_OBJC_ISA_USAGE = YES_ERROR;
				CLANG_WARN_DOCUMENTATION_COMMENTS = YES;
				CLANG_WARN_EMPTY_BODY = YES;
				CLANG_WARN_ENUM_CONVERSION = YES;
				CLANG_WARN_INFINITE_RECURSION = YES;
				CLANG_WARN_INT_CONVERSION = YES;
				CLANG_WARN_NON_LITERAL_NULL_CONVERSION = YES;
				CLANG_WARN_OBJC_IMPLICIT_RETAIN_SELF = YES;
				CLANG_WARN_OBJC_LITERAL_CONVERSION = YES;
				CLANG_WARN_OBJC_ROOT_CLASS = YES_ERROR;
				CLANG_WARN_QUOTED_INCLUDE_IN_FRAMEWORK_HEADER = YES;
				CLANG_WARN_RANGE_LOOP_ANALYSIS = YES;
				CLANG_WARN_STRICT_PROTOTYPES = YES;
				CLANG_WARN_SUSPICIOUS_MOVE = YES;
				CLANG_WARN_UNGUARDED_AVAILABILITY = YES_AGGRESSIVE;
				CLANG_WARN_UNREACHABLE_CODE = YES;
				CLANG_WARN__DUPLICATE_METHOD_MATCH = YES;
				COPY_PHASE_STRIP = NO;
				DEBUG_INFORMATION_FORMAT = "dwarf-with-dsym";
				ENABLE_NS_ASSERTIONS = NO;
				ENABLE_STRICT_OBJC_MSGSEND = YES;
				GCC_C_LANGUAGE_STANDARD = gnu11;
				GCC_NO_COMMON_BLOCKS = YES;
				GCC_WARN_64_TO_32_BIT_CONVERSION = YES;
				GCC_WARN_ABOUT_RETURN_TYPE = YES_ERROR;
				GCC_WARN_UNDECLARED_SELECTOR = YES;
				GCC_WARN_UNINITIALIZED_AUTOS = YES_AGGRESSIVE;
				GCC_WARN_UNUSED_FUNCTION = YES;
				GCC_WARN_UNUSED_VARIABLE = YES;
				MACOSX_DEPLOYMENT_TARGET = 10.15;
				MTL_ENABLE_DEBUG_INFO = NO;
				MTL_FAST_MATH = YES;
				SDKROOT = macosx;
				SWIFT_COMPILATION_MODE = wholemodule;
				SWIFT_OPTIMIZATION_LEVEL = "-O";
			};
			name = Release;
		};
		430D6FCA2395C13600B158F2 /* Debug */ = {
			isa = XCBuildConfiguration;
			buildSettings = {
				ASSETCATALOG_COMPILER_APPICON_NAME = AppIcon;
				CODE_SIGN_ENTITLEMENTS = "Menu Bar Splitter/Menu_Bar_Splitter.entitlements";
				CODE_SIGN_IDENTITY = "Apple Development";
				CODE_SIGN_STYLE = Automatic;
				COMBINE_HIDPI_IMAGES = YES;
				CURRENT_PROJECT_VERSION = 6;
				DEVELOPMENT_TEAM = 2W9EC9X76L;
				ENABLE_HARDENED_RUNTIME = YES;
				INFOPLIST_FILE = "Menu Bar Splitter/Info.plist";
				LD_RUNPATH_SEARCH_PATHS = (
					"$(inherited)",
					"@executable_path/../Frameworks",
				);
				MACOSX_DEPLOYMENT_TARGET = 10.15;
				MARKETING_VERSION = 2.0;
				PRODUCT_BUNDLE_IDENTIFIER = "justinhamilton.Menu-Bar-Splitter";
				PRODUCT_NAME = "$(TARGET_NAME)";
				SKIP_INSTALL = NO;
				SWIFT_VERSION = 5.0;
			};
			name = Debug;
		};
		430D6FCB2395C13600B158F2 /* Release */ = {
			isa = XCBuildConfiguration;
			buildSettings = {
				ASSETCATALOG_COMPILER_APPICON_NAME = AppIcon;
				CODE_SIGN_ENTITLEMENTS = "Menu Bar Splitter/Menu_Bar_Splitter.entitlements";
				CODE_SIGN_IDENTITY = "Apple Development";
				CODE_SIGN_STYLE = Automatic;
				COMBINE_HIDPI_IMAGES = YES;
				CURRENT_PROJECT_VERSION = 6;
				DEVELOPMENT_TEAM = 2W9EC9X76L;
				ENABLE_HARDENED_RUNTIME = YES;
				INFOPLIST_FILE = "Menu Bar Splitter/Info.plist";
				LD_RUNPATH_SEARCH_PATHS = (
					"$(inherited)",
					"@executable_path/../Frameworks",
				);
				MACOSX_DEPLOYMENT_TARGET = 10.15;
				MARKETING_VERSION = 2.0;
				PRODUCT_BUNDLE_IDENTIFIER = "justinhamilton.Menu-Bar-Splitter";
				PRODUCT_NAME = "$(TARGET_NAME)";
				SKIP_INSTALL = NO;
				SWIFT_VERSION = 5.0;
			};
			name = Release;
		};
		43FBAD8E23F2426E005E3AE9 /* Debug */ = {
			isa = XCBuildConfiguration;
			buildSettings = {
				ASSETCATALOG_COMPILER_APPICON_NAME = AppIcon;
				CODE_SIGN_ENTITLEMENTS = "Menu Bar Splitter AutoLaunch/Menu_Bar_Splitter_AutoLaunch.entitlements";
				CODE_SIGN_IDENTITY = "Apple Development";
				CODE_SIGN_STYLE = Automatic;
				COMBINE_HIDPI_IMAGES = YES;
				CURRENT_PROJECT_VERSION = 6;
				DEVELOPMENT_TEAM = 2W9EC9X76L;
				ENABLE_HARDENED_RUNTIME = YES;
				INFOPLIST_FILE = "Menu Bar Splitter AutoLaunch/Info.plist";
				LD_RUNPATH_SEARCH_PATHS = (
					"$(inherited)",
					"@executable_path/../Frameworks",
				);
				MACOSX_DEPLOYMENT_TARGET = 10.15;
				MARKETING_VERSION = 2.0;
				PRODUCT_BUNDLE_IDENTIFIER = "justinhamilton.Menu-Bar-Splitter-AutoLaunch";
				PRODUCT_NAME = "$(TARGET_NAME)";
				SKIP_INSTALL = YES;
				SWIFT_VERSION = 5.0;
			};
			name = Debug;
		};
		43FBAD8F23F2426E005E3AE9 /* Release */ = {
			isa = XCBuildConfiguration;
			buildSettings = {
				ASSETCATALOG_COMPILER_APPICON_NAME = AppIcon;
				CODE_SIGN_ENTITLEMENTS = "Menu Bar Splitter AutoLaunch/Menu_Bar_Splitter_AutoLaunch.entitlements";
				CODE_SIGN_IDENTITY = "Apple Development";
				CODE_SIGN_STYLE = Automatic;
				COMBINE_HIDPI_IMAGES = YES;
				CURRENT_PROJECT_VERSION = 6;
				DEVELOPMENT_TEAM = 2W9EC9X76L;
				ENABLE_HARDENED_RUNTIME = YES;
				INFOPLIST_FILE = "Menu Bar Splitter AutoLaunch/Info.plist";
				LD_RUNPATH_SEARCH_PATHS = (
					"$(inherited)",
					"@executable_path/../Frameworks",
				);
				MACOSX_DEPLOYMENT_TARGET = 10.15;
				MARKETING_VERSION = 2.0;
				PRODUCT_BUNDLE_IDENTIFIER = "justinhamilton.Menu-Bar-Splitter-AutoLaunch";
				PRODUCT_NAME = "$(TARGET_NAME)";
				SKIP_INSTALL = YES;
				SWIFT_VERSION = 5.0;
			};
			name = Release;
		};
/* End XCBuildConfiguration section */

/* Begin XCConfigurationList section */
		430D6FB62395C13500B158F2 /* Build configuration list for PBXProject "Menu Bar Splitter" */ = {
			isa = XCConfigurationList;
			buildConfigurations = (
				430D6FC72395C13600B158F2 /* Debug */,
				430D6FC82395C13600B158F2 /* Release */,
			);
			defaultConfigurationIsVisible = 0;
			defaultConfigurationName = Release;
		};
		430D6FC92395C13600B158F2 /* Build configuration list for PBXNativeTarget "Menu Bar Splitter" */ = {
			isa = XCConfigurationList;
			buildConfigurations = (
				430D6FCA2395C13600B158F2 /* Debug */,
				430D6FCB2395C13600B158F2 /* Release */,
			);
			defaultConfigurationIsVisible = 0;
			defaultConfigurationName = Release;
		};
		43FBAD8D23F2426E005E3AE9 /* Build configuration list for PBXNativeTarget "Menu Bar Splitter AutoLaunch" */ = {
			isa = XCConfigurationList;
			buildConfigurations = (
				43FBAD8E23F2426E005E3AE9 /* Debug */,
				43FBAD8F23F2426E005E3AE9 /* Release */,
			);
			defaultConfigurationIsVisible = 0;
			defaultConfigurationName = Release;
		};
/* End XCConfigurationList section */
	};
	rootObject = 430D6FB32395C13500B158F2 /* Project object */;
}
