// !$*UTF8*$!
{
	archiveVersion = 1;
	classes = {
	};
	objectVersion = 50;
	objects = {

/* Begin PBXBuildFile section */
		4305E6A12395C23300D16CE6 /* AppDelegate.swift in Sources */ = {isa = PBXBuildFile; fileRef = 4305E6A02395C23300D16CE6 /* AppDelegate.swift */; };
		430D6FC12395C13600B158F2 /* Assets.xcassets in Resources */ = {isa = PBXBuildFile; fileRef = 430D6FC02395C13600B158F2 /* Assets.xcassets */; };
		430D6FC42395C13600B158F2 /* MainMenu.xib in Resources */ = {isa = PBXBuildFile; fileRef = 430D6FC22395C13600B158F2 /* MainMenu.xib */; };
		430D6FCF2395C19600B158F2 /* SplitterItem.swift in Sources */ = {isa = PBXBuildFile; fileRef = 430D6FCE2395C19600B158F2 /* SplitterItem.swift */; };
		43633158239B9442008970B0 /* AppDelegate.swift in Sources */ = {isa = PBXBuildFile; fileRef = 43633157239B9442008970B0 /* AppDelegate.swift */; };
		4363315A239B9444008970B0 /* Assets.xcassets in Resources */ = {isa = PBXBuildFile; fileRef = 43633159239B9444008970B0 /* Assets.xcassets */; };
		4363315D239B9444008970B0 /* MainMenu.xib in Resources */ = {isa = PBXBuildFile; fileRef = 4363315B239B9444008970B0 /* MainMenu.xib */; };
		43633166239B94D1008970B0 /* SplitterItem.swift in Sources */ = {isa = PBXBuildFile; fileRef = 43633165239B94D1008970B0 /* SplitterItem.swift */; };
/* End PBXBuildFile section */

/* Begin PBXFileReference section */
		4305E6A02395C23300D16CE6 /* AppDelegate.swift */ = {isa = PBXFileReference; lastKnownFileType = sourcecode.swift; path = AppDelegate.swift; sourceTree = "<group>"; };
		430D6FBB2395C13500B158F2 /* Menu Bar Splitter.app */ = {isa = PBXFileReference; explicitFileType = wrapper.application; includeInIndex = 0; path = "Menu Bar Splitter.app"; sourceTree = BUILT_PRODUCTS_DIR; };
		430D6FC02395C13600B158F2 /* Assets.xcassets */ = {isa = PBXFileReference; lastKnownFileType = folder.assetcatalog; path = Assets.xcassets; sourceTree = "<group>"; };
		430D6FC32395C13600B158F2 /* Base */ = {isa = PBXFileReference; lastKnownFileType = file.xib; name = Base; path = Base.lproj/MainMenu.xib; sourceTree = "<group>"; };
		430D6FC52395C13600B158F2 /* Info.plist */ = {isa = PBXFileReference; lastKnownFileType = text.plist.xml; path = Info.plist; sourceTree = "<group>"; };
		430D6FC62395C13600B158F2 /* Menu_Bar_Splitter.entitlements */ = {isa = PBXFileReference; lastKnownFileType = text.plist.entitlements; path = Menu_Bar_Splitter.entitlements; sourceTree = "<group>"; };
		430D6FCE2395C19600B158F2 /* SplitterItem.swift */ = {isa = PBXFileReference; lastKnownFileType = sourcecode.swift; path = SplitterItem.swift; sourceTree = "<group>"; };
		43633155239B9442008970B0 /* Menu Bar Splitter (Bartender Compatibility Version).app */ = {isa = PBXFileReference; explicitFileType = wrapper.application; includeInIndex = 0; path = "Menu Bar Splitter (Bartender Compatibility Version).app"; sourceTree = BUILT_PRODUCTS_DIR; };
		43633157239B9442008970B0 /* AppDelegate.swift */ = {isa = PBXFileReference; lastKnownFileType = sourcecode.swift; path = AppDelegate.swift; sourceTree = "<group>"; };
		43633159239B9444008970B0 /* Assets.xcassets */ = {isa = PBXFileReference; lastKnownFileType = folder.assetcatalog; path = Assets.xcassets; sourceTree = "<group>"; };
		4363315C239B9444008970B0 /* Base */ = {isa = PBXFileReference; lastKnownFileType = file.xib; name = Base; path = Base.lproj/MainMenu.xib; sourceTree = "<group>"; };
		4363315E239B9444008970B0 /* Info.plist */ = {isa = PBXFileReference; lastKnownFileType = text.plist.xml; path = Info.plist; sourceTree = "<group>"; };
		4363315F239B9444008970B0 /* Menu_Bar_Splitter__Bartender_Compatibility_Version_.entitlements */ = {isa = PBXFileReference; lastKnownFileType = text.plist.entitlements; path = Menu_Bar_Splitter__Bartender_Compatibility_Version_.entitlements; sourceTree = "<group>"; };
		43633165239B94D1008970B0 /* SplitterItem.swift */ = {isa = PBXFileReference; lastKnownFileType = sourcecode.swift; path = SplitterItem.swift; sourceTree = "<group>"; };
/* End PBXFileReference section */

/* Begin PBXFrameworksBuildPhase section */
		430D6FB82395C13500B158F2 /* Frameworks */ = {
			isa = PBXFrameworksBuildPhase;
			buildActionMask = 2147483647;
			files = (
			);
			runOnlyForDeploymentPostprocessing = 0;
		};
		43633152239B9442008970B0 /* Frameworks */ = {
			isa = PBXFrameworksBuildPhase;
			buildActionMask = 2147483647;
			files = (
			);
			runOnlyForDeploymentPostprocessing = 0;
		};
/* End PBXFrameworksBuildPhase section */

/* Begin PBXGroup section */
		430D6FB22395C13500B158F2 = {
			isa = PBXGroup;
			children = (
				430D6FBD2395C13500B158F2 /* Menu Bar Splitter */,
				43633156239B9442008970B0 /* Menu Bar Splitter (Bartender Compatibility Version) */,
				430D6FBC2395C13500B158F2 /* Products */,
			);
			sourceTree = "<group>";
		};
		430D6FBC2395C13500B158F2 /* Products */ = {
			isa = PBXGroup;
			children = (
				430D6FBB2395C13500B158F2 /* Menu Bar Splitter.app */,
				43633155239B9442008970B0 /* Menu Bar Splitter (Bartender Compatibility Version).app */,
			);
			name = Products;
			sourceTree = "<group>";
		};
		430D6FBD2395C13500B158F2 /* Menu Bar Splitter */ = {
			isa = PBXGroup;
			children = (
				430D6FCE2395C19600B158F2 /* SplitterItem.swift */,
				4305E6A02395C23300D16CE6 /* AppDelegate.swift */,
				430D6FC02395C13600B158F2 /* Assets.xcassets */,
				430D6FC22395C13600B158F2 /* MainMenu.xib */,
				430D6FC52395C13600B158F2 /* Info.plist */,
				430D6FC62395C13600B158F2 /* Menu_Bar_Splitter.entitlements */,
			);
			path = "Menu Bar Splitter";
			sourceTree = "<group>";
		};
		43633156239B9442008970B0 /* Menu Bar Splitter (Bartender Compatibility Version) */ = {
			isa = PBXGroup;
			children = (
				43633165239B94D1008970B0 /* SplitterItem.swift */,
				43633157239B9442008970B0 /* AppDelegate.swift */,
				43633159239B9444008970B0 /* Assets.xcassets */,
				4363315B239B9444008970B0 /* MainMenu.xib */,
				4363315E239B9444008970B0 /* Info.plist */,
				4363315F239B9444008970B0 /* Menu_Bar_Splitter__Bartender_Compatibility_Version_.entitlements */,
			);
			path = "Menu Bar Splitter (Bartender Compatibility Version)";
			sourceTree = "<group>";
		};
/* End PBXGroup section */

/* Begin PBXNativeTarget section */
		430D6FBA2395C13500B158F2 /* Menu Bar Splitter */ = {
			isa = PBXNativeTarget;
			buildConfigurationList = 430D6FC92395C13600B158F2 /* Build configuration list for PBXNativeTarget "Menu Bar Splitter" */;
			buildPhases = (
				430D6FB72395C13500B158F2 /* Sources */,
				430D6FB82395C13500B158F2 /* Frameworks */,
				430D6FB92395C13500B158F2 /* Resources */,
			);
			buildRules = (
			);
			dependencies = (
			);
			name = "Menu Bar Splitter";
			productName = "Menu Bar Splitter";
			productReference = 430D6FBB2395C13500B158F2 /* Menu Bar Splitter.app */;
			productType = "com.apple.product-type.application";
		};
		43633154239B9442008970B0 /* Menu Bar Splitter (Bartender Compatibility Version) */ = {
			isa = PBXNativeTarget;
			buildConfigurationList = 43633162239B9444008970B0 /* Build configuration list for PBXNativeTarget "Menu Bar Splitter (Bartender Compatibility Version)" */;
			buildPhases = (
				43633151239B9442008970B0 /* Sources */,
				43633152239B9442008970B0 /* Frameworks */,
				43633153239B9442008970B0 /* Resources */,
			);
			buildRules = (
			);
			dependencies = (
			);
			name = "Menu Bar Splitter (Bartender Compatibility Version)";
			productName = "Menu Bar Splitter (Bartender Compatibility Version)";
			productReference = 43633155239B9442008970B0 /* Menu Bar Splitter (Bartender Compatibility Version).app */;
			productType = "com.apple.product-type.application";
		};
/* End PBXNativeTarget section */

/* Begin PBXProject section */
		430D6FB32395C13500B158F2 /* Project object */ = {
			isa = PBXProject;
			attributes = {
				LastSwiftUpdateCheck = 1120;
				LastUpgradeCheck = 1120;
				ORGANIZATIONNAME = "Justin Hamilton";
				TargetAttributes = {
					430D6FBA2395C13500B158F2 = {
						CreatedOnToolsVersion = 11.2.1;
					};
					43633154239B9442008970B0 = {
						CreatedOnToolsVersion = 11.2.1;
					};
				};
			};
			buildConfigurationList = 430D6FB62395C13500B158F2 /* Build configuration list for PBXProject "Menu Bar Splitter" */;
			compatibilityVersion = "Xcode 9.3";
			developmentRegion = en;
			hasScannedForEncodings = 0;
			knownRegions = (
				en,
				Base,
			);
			mainGroup = 430D6FB22395C13500B158F2;
			productRefGroup = 430D6FBC2395C13500B158F2 /* Products */;
			projectDirPath = "";
			projectRoot = "";
			targets = (
				430D6FBA2395C13500B158F2 /* Menu Bar Splitter */,
				43633154239B9442008970B0 /* Menu Bar Splitter (Bartender Compatibility Version) */,
			);
		};
/* End PBXProject section */

/* Begin PBXResourcesBuildPhase section */
		430D6FB92395C13500B158F2 /* Resources */ = {
			isa = PBXResourcesBuildPhase;
			buildActionMask = 2147483647;
			files = (
				430D6FC12395C13600B158F2 /* Assets.xcassets in Resources */,
				430D6FC42395C13600B158F2 /* MainMenu.xib in Resources */,
			);
			runOnlyForDeploymentPostprocessing = 0;
		};
		43633153239B9442008970B0 /* Resources */ = {
			isa = PBXResourcesBuildPhase;
			buildActionMask = 2147483647;
			files = (
				4363315A239B9444008970B0 /* Assets.xcassets in Resources */,
				4363315D239B9444008970B0 /* MainMenu.xib in Resources */,
			);
			runOnlyForDeploymentPostprocessing = 0;
		};
/* End PBXResourcesBuildPhase section */

/* Begin PBXSourcesBuildPhase section */
		430D6FB72395C13500B158F2 /* Sources */ = {
			isa = PBXSourcesBuildPhase;
			buildActionMask = 2147483647;
			files = (
				4305E6A12395C23300D16CE6 /* AppDelegate.swift in Sources */,
				430D6FCF2395C19600B158F2 /* SplitterItem.swift in Sources */,
			);
			runOnlyForDeploymentPostprocessing = 0;
		};
		43633151239B9442008970B0 /* Sources */ = {
			isa = PBXSourcesBuildPhase;
			buildActionMask = 2147483647;
			files = (
				43633158239B9442008970B0 /* AppDelegate.swift in Sources */,
				43633166239B94D1008970B0 /* SplitterItem.swift in Sources */,
			);
			runOnlyForDeploymentPostprocessing = 0;
		};
/* End PBXSourcesBuildPhase section */

/* Begin PBXVariantGroup section */
		430D6FC22395C13600B158F2 /* MainMenu.xib */ = {
			isa = PBXVariantGroup;
			children = (
				430D6FC32395C13600B158F2 /* Base */,
			);
			name = MainMenu.xib;
			sourceTree = "<group>";
		};
		4363315B239B9444008970B0 /* MainMenu.xib */ = {
			isa = PBXVariantGroup;
			children = (
				4363315C239B9444008970B0 /* Base */,
			);
			name = MainMenu.xib;
			sourceTree = "<group>";
		};
/* End PBXVariantGroup section */

/* Begin XCBuildConfiguration section */
		430D6FC72395C13600B158F2 /* Debug */ = {
			isa = XCBuildConfiguration;
			buildSettings = {
				ALWAYS_SEARCH_USER_PATHS = NO;
				CLANG_ANALYZER_NONNULL = YES;
				CLANG_ANALYZER_NUMBER_OBJECT_CONVERSION = YES_AGGRESSIVE;
				CLANG_CXX_LANGUAGE_STANDARD = "gnu++14";
				CLANG_CXX_LIBRARY = "libc++";
				CLANG_ENABLE_MODULES = YES;
				CLANG_ENABLE_OBJC_ARC = YES;
				CLANG_ENABLE_OBJC_WEAK = YES;
				CLANG_WARN_BLOCK_CAPTURE_AUTORELEASING = YES;
				CLANG_WARN_BOOL_CONVERSION = YES;
				CLANG_WARN_COMMA = YES;
				CLANG_WARN_CONSTANT_CONVERSION = YES;
				CLANG_WARN_DEPRECATED_OBJC_IMPLEMENTATIONS = YES;
				CLANG_WARN_DIRECT_OBJC_ISA_USAGE = YES_ERROR;
				CLANG_WARN_DOCUMENTATION_COMMENTS = YES;
				CLANG_WARN_EMPTY_BODY = YES;
				CLANG_WARN_ENUM_CONVERSION = YES;
				CLANG_WARN_INFINITE_RECURSION = YES;
				CLANG_WARN_INT_CONVERSION = YES;
				CLANG_WARN_NON_LITERAL_NULL_CONVERSION = YES;
				CLANG_WARN_OBJC_IMPLICIT_RETAIN_SELF = YES;
				CLANG_WARN_OBJC_LITERAL_CONVERSION = YES;
				CLANG_WARN_OBJC_ROOT_CLASS = YES_ERROR;
				CLANG_WARN_RANGE_LOOP_ANALYSIS = YES;
				CLANG_WARN_STRICT_PROTOTYPES = YES;
				CLANG_WARN_SUSPICIOUS_MOVE = YES;
				CLANG_WARN_UNGUARDED_AVAILABILITY = YES_AGGRESSIVE;
				CLANG_WARN_UNREACHABLE_CODE = YES;
				CLANG_WARN__DUPLICATE_METHOD_MATCH = YES;
				COPY_PHASE_STRIP = NO;
				DEBUG_INFORMATION_FORMAT = dwarf;
				ENABLE_STRICT_OBJC_MSGSEND = YES;
				ENABLE_TESTABILITY = YES;
				GCC_C_LANGUAGE_STANDARD = gnu11;
				GCC_DYNAMIC_NO_PIC = NO;
				GCC_NO_COMMON_BLOCKS = YES;
				GCC_OPTIMIZATION_LEVEL = 0;
				GCC_PREPROCESSOR_DEFINITIONS = (
					"DEBUG=1",
					"$(inherited)",
				);
				GCC_WARN_64_TO_32_BIT_CONVERSION = YES;
				GCC_WARN_ABOUT_RETURN_TYPE = YES_ERROR;
				GCC_WARN_UNDECLARED_SELECTOR = YES;
				GCC_WARN_UNINITIALIZED_AUTOS = YES_AGGRESSIVE;
				GCC_WARN_UNUSED_FUNCTION = YES;
				GCC_WARN_UNUSED_VARIABLE = YES;
				MACOSX_DEPLOYMENT_TARGET = 10.15;
				MTL_ENABLE_DEBUG_INFO = INCLUDE_SOURCE;
				MTL_FAST_MATH = YES;
				ONLY_ACTIVE_ARCH = YES;
				SDKROOT = macosx;
				SWIFT_ACTIVE_COMPILATION_CONDITIONS = DEBUG;
				SWIFT_OPTIMIZATION_LEVEL = "-Onone";
			};
			name = Debug;
		};
		430D6FC82395C13600B158F2 /* Release */ = {
			isa = XCBuildConfiguration;
			buildSettings = {
				ALWAYS_SEARCH_USER_PATHS = NO;
				CLANG_ANALYZER_NONNULL = YES;
				CLANG_ANALYZER_NUMBER_OBJECT_CONVERSION = YES_AGGRESSIVE;
				CLANG_CXX_LANGUAGE_STANDARD = "gnu++14";
				CLANG_CXX_LIBRARY = "libc++";
				CLANG_ENABLE_MODULES = YES;
				CLANG_ENABLE_OBJC_ARC = YES;
				CLANG_ENABLE_OBJC_WEAK = YES;
				CLANG_WARN_BLOCK_CAPTURE_AUTORELEASING = YES;
				CLANG_WARN_BOOL_CONVERSION = YES;
				CLANG_WARN_COMMA = YES;
				CLANG_WARN_CONSTANT_CONVERSION = YES;
				CLANG_WARN_DEPRECATED_OBJC_IMPLEMENTATIONS = YES;
				CLANG_WARN_DIRECT_OBJC_ISA_USAGE = YES_ERROR;
				CLANG_WARN_DOCUMENTATION_COMMENTS = YES;
				CLANG_WARN_EMPTY_BODY = YES;
				CLANG_WARN_ENUM_CONVERSION = YES;
				CLANG_WARN_INFINITE_RECURSION = YES;
				CLANG_WARN_INT_CONVERSION = YES;
				CLANG_WARN_NON_LITERAL_NULL_CONVERSION = YES;
				CLANG_WARN_OBJC_IMPLICIT_RETAIN_SELF = YES;
				CLANG_WARN_OBJC_LITERAL_CONVERSION = YES;
				CLANG_WARN_OBJC_ROOT_CLASS = YES_ERROR;
				CLANG_WARN_RANGE_LOOP_ANALYSIS = YES;
				CLANG_WARN_STRICT_PROTOTYPES = YES;
				CLANG_WARN_SUSPICIOUS_MOVE = YES;
				CLANG_WARN_UNGUARDED_AVAILABILITY = YES_AGGRESSIVE;
				CLANG_WARN_UNREACHABLE_CODE = YES;
				CLANG_WARN__DUPLICATE_METHOD_MATCH = YES;
				COPY_PHASE_STRIP = NO;
				DEBUG_INFORMATION_FORMAT = "dwarf-with-dsym";
				ENABLE_NS_ASSERTIONS = NO;
				ENABLE_STRICT_OBJC_MSGSEND = YES;
				GCC_C_LANGUAGE_STANDARD = gnu11;
				GCC_NO_COMMON_BLOCKS = YES;
				GCC_WARN_64_TO_32_BIT_CONVERSION = YES;
				GCC_WARN_ABOUT_RETURN_TYPE = YES_ERROR;
				GCC_WARN_UNDECLARED_SELECTOR = YES;
				GCC_WARN_UNINITIALIZED_AUTOS = YES_AGGRESSIVE;
				GCC_WARN_UNUSED_FUNCTION = YES;
				GCC_WARN_UNUSED_VARIABLE = YES;
				MACOSX_DEPLOYMENT_TARGET = 10.15;
				MTL_ENABLE_DEBUG_INFO = NO;
				MTL_FAST_MATH = YES;
				SDKROOT = macosx;
				SWIFT_COMPILATION_MODE = wholemodule;
				SWIFT_OPTIMIZATION_LEVEL = "-O";
			};
			name = Release;
		};
		430D6FCA2395C13600B158F2 /* Debug */ = {
			isa = XCBuildConfiguration;
			buildSettings = {
				ASSETCATALOG_COMPILER_APPICON_NAME = AppIcon;
				CODE_SIGN_ENTITLEMENTS = "Menu Bar Splitter/Menu_Bar_Splitter.entitlements";
				CODE_SIGN_STYLE = Automatic;
				COMBINE_HIDPI_IMAGES = YES;
				DEVELOPMENT_TEAM = 2W9EC9X76L;
				ENABLE_HARDENED_RUNTIME = YES;
				INFOPLIST_FILE = "Menu Bar Splitter/Info.plist";
				LD_RUNPATH_SEARCH_PATHS = (
					"$(inherited)",
					"@executable_path/../Frameworks",
				);
				PRODUCT_BUNDLE_IDENTIFIER = "justinhamilton.Menu-Bar-Splitter";
				PRODUCT_NAME = "$(TARGET_NAME)";
				SWIFT_VERSION = 5.0;
			};
			name = Debug;
		};
		430D6FCB2395C13600B158F2 /* Release */ = {
			isa = XCBuildConfiguration;
			buildSettings = {
				ASSETCATALOG_COMPILER_APPICON_NAME = AppIcon;
				CODE_SIGN_ENTITLEMENTS = "Menu Bar Splitter/Menu_Bar_Splitter.entitlements";
				CODE_SIGN_STYLE = Automatic;
				COMBINE_HIDPI_IMAGES = YES;
				DEVELOPMENT_TEAM = 2W9EC9X76L;
				ENABLE_HARDENED_RUNTIME = YES;
				INFOPLIST_FILE = "Menu Bar Splitter/Info.plist";
				LD_RUNPATH_SEARCH_PATHS = (
					"$(inherited)",
					"@executable_path/../Frameworks",
				);
				PRODUCT_BUNDLE_IDENTIFIER = "justinhamilton.Menu-Bar-Splitter";
				PRODUCT_NAME = "$(TARGET_NAME)";
				SWIFT_VERSION = 5.0;
			};
			name = Release;
		};
		43633160239B9444008970B0 /* Debug */ = {
			isa = XCBuildConfiguration;
			buildSettings = {
				ASSETCATALOG_COMPILER_APPICON_NAME = AppIcon;
				CODE_SIGN_ENTITLEMENTS = "Menu Bar Splitter (Bartender Compatibility Version)/Menu_Bar_Splitter__Bartender_Compatibility_Version_.entitlements";
				CODE_SIGN_STYLE = Automatic;
				COMBINE_HIDPI_IMAGES = YES;
				DEVELOPMENT_TEAM = 2W9EC9X76L;
				ENABLE_HARDENED_RUNTIME = YES;
				INFOPLIST_FILE = "Menu Bar Splitter (Bartender Compatibility Version)/Info.plist";
				LD_RUNPATH_SEARCH_PATHS = (
					"$(inherited)",
					"@executable_path/../Frameworks",
				);
				PRODUCT_BUNDLE_IDENTIFIER = "justinhamilton.Menu-Bar-Splitter-BCV";
				PRODUCT_NAME = "$(TARGET_NAME)";
				SWIFT_VERSION = 5.0;
			};
			name = Debug;
		};
		43633161239B9444008970B0 /* Release */ = {
			isa = XCBuildConfiguration;
			buildSettings = {
				ASSETCATALOG_COMPILER_APPICON_NAME = AppIcon;
				CODE_SIGN_ENTITLEMENTS = "Menu Bar Splitter (Bartender Compatibility Version)/Menu_Bar_Splitter__Bartender_Compatibility_Version_.entitlements";
				CODE_SIGN_STYLE = Automatic;
				COMBINE_HIDPI_IMAGES = YES;
				DEVELOPMENT_TEAM = 2W9EC9X76L;
				ENABLE_HARDENED_RUNTIME = YES;
				INFOPLIST_FILE = "Menu Bar Splitter (Bartender Compatibility Version)/Info.plist";
				LD_RUNPATH_SEARCH_PATHS = (
					"$(inherited)",
					"@executable_path/../Frameworks",
				);
				PRODUCT_BUNDLE_IDENTIFIER = "justinhamilton.Menu-Bar-Splitter-BCV";
				PRODUCT_NAME = "$(TARGET_NAME)";
				SWIFT_VERSION = 5.0;
			};
			name = Release;
		};
/* End XCBuildConfiguration section */

/* Begin XCConfigurationList section */
		430D6FB62395C13500B158F2 /* Build configuration list for PBXProject "Menu Bar Splitter" */ = {
			isa = XCConfigurationList;
			buildConfigurations = (
				430D6FC72395C13600B158F2 /* Debug */,
				430D6FC82395C13600B158F2 /* Release */,
			);
			defaultConfigurationIsVisible = 0;
			defaultConfigurationName = Release;
		};
		430D6FC92395C13600B158F2 /* Build configuration list for PBXNativeTarget "Menu Bar Splitter" */ = {
			isa = XCConfigurationList;
			buildConfigurations = (
				430D6FCA2395C13600B158F2 /* Debug */,
				430D6FCB2395C13600B158F2 /* Release */,
			);
			defaultConfigurationIsVisible = 0;
			defaultConfigurationName = Release;
		};
		43633162239B9444008970B0 /* Build configuration list for PBXNativeTarget "Menu Bar Splitter (Bartender Compatibility Version)" */ = {
			isa = XCConfigurationList;
			buildConfigurations = (
				43633160239B9444008970B0 /* Debug */,
				43633161239B9444008970B0 /* Release */,
			);
			defaultConfigurationIsVisible = 0;
			defaultConfigurationName = Release;
		};
/* End XCConfigurationList section */
	};
	rootObject = 430D6FB32395C13500B158F2 /* Project object */;
}
